
Microsoft Visual Studio Solution File, Format Version 12.00
# Visual Studio Version 17
VisualStudioVersion = 17.0.31423.177
MinimumVisualStudioVersion = 10.0.40219.1
Project("{2150E333-8FDC-42A3-9474-1A3956D46DE8}") = "src", "src", "{8B34F95C-D01A-4887-BDBE-B4F2D7ADDF8A}"
EndProject
Project("{2150E333-8FDC-42A3-9474-1A3956D46DE8}") = "tests", "tests", "{801A7D66-09A0-403D-82B3-74029276FC4B}"
EndProject
Project("{9A19103F-16F7-4668-BE54-9A1E7A4F7556}") = "EdTech.Core", "src\EdTech.Core\EdTech.Core.csproj", "{1D5057FF-3325-47EC-96CF-1D73FB38CB3F}"
EndProject
Project("{9A19103F-16F7-4668-BE54-9A1E7A4F7556}") = "EdTech.Persistence", "src\EdTech.Persistence\EdTech.Persistence.csproj", "{4DA26020-C436-45CF-9D23-A9A67BB9E0A4}"
EndProject
Project("{9A19103F-16F7-4668-BE54-9A1E7A4F7556}") = "EdTech.Api", "src\EdTech.Api\EdTech.Api.csproj", "{5FA75CE7-C123-4BB4-8069-2BBAA4E57B8B}"
	ProjectSection(ProjectDependencies) = postProject
		{4DA26020-C436-45CF-9D23-A9A67BB9E0A4} = {4DA26020-C436-45CF-9D23-A9A67BB9E0A4}
		{1D5057FF-3325-47EC-96CF-1D73FB38CB3F} = {1D5057FF-3325-47EC-96CF-1D73FB38CB3F}
	EndProjectSection
EndProject
Project("{FAE04EC0-301F-11D3-BF4B-00C04F79EFBC}") = "EdTech.UnitTests", "tests\EdTech.UnitTests\EdTech.UnitTests.csproj", "{EF26BD63-E2DC-4A93-972B-F08521641456}"
EndProject
Global
	GlobalSection(SolutionConfigurationPlatforms) = preSolution
		Debug|Any CPU = Debug|Any CPU
		Release|Any CPU = Release|Any CPU
	EndGlobalSection
	GlobalSection(ProjectConfigurationPlatforms) = postSolution
		{1D5057FF-3325-47EC-96CF-1D73FB38CB3F}.Debug|Any CPU.ActiveCfg = Debug|Any CPU
		{1D5057FF-3325-47EC-96CF-1D73FB38CB3F}.Debug|Any CPU.Build.0 = Debug|Any CPU
		{1D5057FF-3325-47EC-96CF-1D73FB38CB3F}.Release|Any CPU.ActiveCfg = Release|Any CPU
		{1D5057FF-3325-47EC-96CF-1D73FB38CB3F}.Release|Any CPU.Build.0 = Release|Any CPU
		{4DA26020-C436-45CF-9D23-A9A67BB9E0A4}.Debug|Any CPU.ActiveCfg = Debug|Any CPU
		{4DA26020-C436-45CF-9D23-A9A67BB9E0A4}.Debug|Any CPU.Build.0 = Debug|Any CPU
		{4DA26020-C436-45CF-9D23-A9A67BB9E0A4}.Release|Any CPU.ActiveCfg = Release|Any CPU
		{4DA26020-C436-45CF-9D23-A9A67BB9E0A4}.Release|Any CPU.Build.0 = Release|Any CPU
		{5FA75CE7-C123-4BB4-8069-2BBAA4E57B8B}.Debug|Any CPU.ActiveCfg = Debug|Any CPU
		{5FA75CE7-C123-4BB4-8069-2BBAA4E57B8B}.Debug|Any CPU.Build.0 = Debug|Any CPU
		{5FA75CE7-C123-4BB4-8069-2BBAA4E57B8B}.Release|Any CPU.ActiveCfg = Release|Any CPU
		{5FA75CE7-C123-4BB4-8069-2BBAA4E57B8B}.Release|Any CPU.Build.0 = Release|Any CPU
		{EF26BD63-E2DC-4A93-972B-F08521641456}.Debug|Any CPU.ActiveCfg = Debug|Any CPU
		{EF26BD63-E2DC-4A93-972B-F08521641456}.Debug|Any CPU.Build.0 = Debug|Any CPU
		{EF26BD63-E2DC-4A93-972B-F08521641456}.Release|Any CPU.ActiveCfg = Release|Any CPU
		{EF26BD63-E2DC-4A93-972B-F08521641456}.Release|Any CPU.Build.0 = Release|Any CPU
	EndGlobalSection
	GlobalSection(SolutionProperties) = preSolution
		HideSolutionNode = FALSE
	EndGlobalSection
	GlobalSection(NestedProjects) = preSolution
		{1D5057FF-3325-47EC-96CF-1D73FB38CB3F} = {8B34F95C-D01A-4887-BDBE-B4F2D7ADDF8A}
		{4DA26020-C436-45CF-9D23-A9A67BB9E0A4} = {8B34F95C-D01A-4887-BDBE-B4F2D7ADDF8A}
		{5FA75CE7-C123-4BB4-8069-2BBAA4E57B8B} = {8B34F95C-D01A-4887-BDBE-B4F2D7ADDF8A}
		{EF26BD63-E2DC-4A93-972B-F08521641456} = {801A7D66-09A0-403D-82B3-74029276FC4B}
	EndGlobalSection
	GlobalSection(ExtensibilityGlobals) = postSolution
		SolutionGuid = {A7A8FBAC-AFE7-441A-AAEA-C8D1F534A1EC}
	EndGlobalSection
EndGlobal
